
Microsoft Visual Studio Solution File, Format Version 12.00
# Visual Studio Version 17
VisualStudioVersion = 17.2.32516.85
MinimumVisualStudioVersion = 10.0.40219.1
Project("{9A19103F-16F7-4668-BE54-9A1E7A4F7556}") = "Questao1", "Questao1.csproj", "{7B16994E-9B1A-4615-B903-1B275775E7EC}"
EndProject
Project("{FAE04EC0-301F-11D3-BF4B-00C04F79EFBC}") = "Questao1Test", "..\Questao1Test\Questao1Test.csproj", "{1C4B37CA-844A-4BFC-A591-FE51E91B66C7}"
EndProject
Global
	GlobalSection(SolutionConfigurationPlatforms) = preSolution
		Debug|Any CPU = Debug|Any CPU
		Release|Any CPU = Release|Any CPU
	EndGlobalSection
	GlobalSection(ProjectConfigurationPlatforms) = postSolution
		{7B16994E-9B1A-4615-B903-1B275775E7EC}.Debug|Any CPU.ActiveCfg = Debug|Any CPU
		{7B16994E-9B1A-4615-B903-1B275775E7EC}.Debug|Any CPU.Build.0 = Debug|Any CPU
		{7B16994E-9B1A-4615-B903-1B275775E7EC}.Release|Any CPU.ActiveCfg = Release|Any CPU
		{7B16994E-9B1A-4615-B903-1B275775E7EC}.Release|Any CPU.Build.0 = Release|Any CPU
		{1C4B37CA-844A-4BFC-A591-FE51E91B66C7}.Debug|Any CPU.ActiveCfg = Debug|Any CPU
		{1C4B37CA-844A-4BFC-A591-FE51E91B66C7}.Debug|Any CPU.Build.0 = Debug|Any CPU
		{1C4B37CA-844A-4BFC-A591-FE51E91B66C7}.Release|Any CPU.ActiveCfg = Release|Any CPU
		{1C4B37CA-844A-4BFC-A591-FE51E91B66C7}.Release|Any CPU.Build.0 = Release|Any CPU
	EndGlobalSection
	GlobalSection(SolutionProperties) = preSolution
		HideSolutionNode = FALSE
	EndGlobalSection
	GlobalSection(ExtensibilityGlobals) = postSolution
		SolutionGuid = {C305AE0A-E410-4D92-A1FC-077EE2A35A12}
	EndGlobalSection
EndGlobal
